// !$*UTF8*$!
{
	archiveVersion = 1;
	classes = {
	};
	objectVersion = 52;
	objects = {

/* Begin PBXBuildFile section */
		4E01F93525E437FA00A96E48 /* MotionAnimationView.swift in Sources */ = {isa = PBXBuildFile; fileRef = 4E01F93425E437FA00A96E48 /* MotionAnimationView.swift */; };
		4E01F93825E44D2200A96E48 /* AnimalGridItemView.swift in Sources */ = {isa = PBXBuildFile; fileRef = 4E01F93725E44D2200A96E48 /* AnimalGridItemView.swift */; };
		4E1C749F25E465E200992BD1 /* Stickers.xcassets in Resources */ = {isa = PBXBuildFile; fileRef = 4E1C749E25E465E200992BD1 /* Stickers.xcassets */; };
		4E1C74A325E465E200992BD1 /* Stickers.appex in Embed App Extensions */ = {isa = PBXBuildFile; fileRef = 4E1C749C25E465E100992BD1 /* Stickers.appex */; platformFilter = ios; settings = {ATTRIBUTES = (RemoveHeadersOnCopy, ); }; };
		4E1C74AD25E4681E00992BD1 /* CreditsView.swift in Sources */ = {isa = PBXBuildFile; fileRef = 4E1C74AC25E4681E00992BD1 /* CreditsView.swift */; };
		4E1C74B225E469FB00992BD1 /* CenterModifier.swift in Sources */ = {isa = PBXBuildFile; fileRef = 4E1C74B125E469FB00992BD1 /* CenterModifier.swift */; };
		4E3520FA25DEE1AD00D4F030 /* InsetFactView.swift in Sources */ = {isa = PBXBuildFile; fileRef = 4E3520F925DEE1AD00D4F030 /* InsetFactView.swift */; };
		4E3520FD25DEE52600D4F030 /* InsetMapView.swift in Sources */ = {isa = PBXBuildFile; fileRef = 4E3520FC25DEE52600D4F030 /* InsetMapView.swift */; };
		4E35210025DEECA500D4F030 /* ExternalWeblinkView.swift in Sources */ = {isa = PBXBuildFile; fileRef = 4E3520FF25DEECA500D4F030 /* ExternalWeblinkView.swift */; };
		4E35210325DEFBE700D4F030 /* VideoModel.swift in Sources */ = {isa = PBXBuildFile; fileRef = 4E35210225DEFBE700D4F030 /* VideoModel.swift */; };
		4E35210625DEFCC500D4F030 /* VideoListItemView.swift in Sources */ = {isa = PBXBuildFile; fileRef = 4E35210525DEFCC500D4F030 /* VideoListItemView.swift */; };
		4E35210C25DF18CD00D4F030 /* VideoPlayerView.swift in Sources */ = {isa = PBXBuildFile; fileRef = 4E35210B25DF18CD00D4F030 /* VideoPlayerView.swift */; };
		4E35211025DF1BDF00D4F030 /* VideoPlayerHelper.swift in Sources */ = {isa = PBXBuildFile; fileRef = 4E35210F25DF1BDF00D4F030 /* VideoPlayerHelper.swift */; };
		4E35211325DF41AF00D4F030 /* LocationModel.swift in Sources */ = {isa = PBXBuildFile; fileRef = 4E35211225DF41AF00D4F030 /* LocationModel.swift */; };
		4E35211825DF48D400D4F030 /* MapAnnotationView.swift in Sources */ = {isa = PBXBuildFile; fileRef = 4E35211725DF48D400D4F030 /* MapAnnotationView.swift */; };
		4E585A4125DC3D68002C267C /* AfricaApp.swift in Sources */ = {isa = PBXBuildFile; fileRef = 4E585A4025DC3D68002C267C /* AfricaApp.swift */; };
		4E585A4325DC3D68002C267C /* ContentView.swift in Sources */ = {isa = PBXBuildFile; fileRef = 4E585A4225DC3D68002C267C /* ContentView.swift */; };
		4E585A4525DC3D69002C267C /* Assets.xcassets in Resources */ = {isa = PBXBuildFile; fileRef = 4E585A4425DC3D69002C267C /* Assets.xcassets */; };
		4E585A4825DC3D69002C267C /* Preview Assets.xcassets in Resources */ = {isa = PBXBuildFile; fileRef = 4E585A4725DC3D69002C267C /* Preview Assets.xcassets */; };
		4E585A5B25DC4432002C267C /* cheetah.mp4 in Resources */ = {isa = PBXBuildFile; fileRef = 4E585A5125DC442E002C267C /* cheetah.mp4 */; };
		4E585A5C25DC4432002C267C /* giraffe.mp4 in Resources */ = {isa = PBXBuildFile; fileRef = 4E585A5225DC442E002C267C /* giraffe.mp4 */; };
		4E585A5D25DC4432002C267C /* zebra.mp4 in Resources */ = {isa = PBXBuildFile; fileRef = 4E585A5325DC442F002C267C /* zebra.mp4 */; };
		4E585A5E25DC4432002C267C /* elephant.mp4 in Resources */ = {isa = PBXBuildFile; fileRef = 4E585A5425DC442F002C267C /* elephant.mp4 */; };
		4E585A5F25DC4432002C267C /* lion.mp4 in Resources */ = {isa = PBXBuildFile; fileRef = 4E585A5525DC442F002C267C /* lion.mp4 */; };
		4E585A6025DC4432002C267C /* lioness.mp4 in Resources */ = {isa = PBXBuildFile; fileRef = 4E585A5625DC442F002C267C /* lioness.mp4 */; };
		4E585A6125DC4432002C267C /* ostrich.mp4 in Resources */ = {isa = PBXBuildFile; fileRef = 4E585A5725DC4430002C267C /* ostrich.mp4 */; };
		4E585A6225DC4432002C267C /* gorilla.mp4 in Resources */ = {isa = PBXBuildFile; fileRef = 4E585A5825DC4431002C267C /* gorilla.mp4 */; };
		4E585A6325DC4432002C267C /* hippo.mp4 in Resources */ = {isa = PBXBuildFile; fileRef = 4E585A5925DC4431002C267C /* hippo.mp4 */; };
		4E585A6425DC4432002C267C /* rhino.mp4 in Resources */ = {isa = PBXBuildFile; fileRef = 4E585A5A25DC4432002C267C /* rhino.mp4 */; };
		4E585A6B25DC4478002C267C /* locations.json in Resources */ = {isa = PBXBuildFile; fileRef = 4E585A6725DC4477002C267C /* locations.json */; };
		4E585A6C25DC4478002C267C /* videos.json in Resources */ = {isa = PBXBuildFile; fileRef = 4E585A6825DC4478002C267C /* videos.json */; };
		4E585A6D25DC4478002C267C /* covers.json in Resources */ = {isa = PBXBuildFile; fileRef = 4E585A6925DC4478002C267C /* covers.json */; };
		4E585A6E25DC4478002C267C /* animals.json in Resources */ = {isa = PBXBuildFile; fileRef = 4E585A6A25DC4478002C267C /* animals.json */; };
		4E585A7425DC4748002C267C /* VideoListView.swift in Sources */ = {isa = PBXBuildFile; fileRef = 4E585A7325DC4748002C267C /* VideoListView.swift */; };
		4E585A7725DC4758002C267C /* MapView.swift in Sources */ = {isa = PBXBuildFile; fileRef = 4E585A7625DC4757002C267C /* MapView.swift */; };
		4E585A7A25DC4767002C267C /* GalleryView.swift in Sources */ = {isa = PBXBuildFile; fileRef = 4E585A7925DC4767002C267C /* GalleryView.swift */; };
		4E585A7D25DC4773002C267C /* MainView.swift in Sources */ = {isa = PBXBuildFile; fileRef = 4E585A7C25DC4773002C267C /* MainView.swift */; };
		4E585A8125DC590E002C267C /* CoverImageView.swift in Sources */ = {isa = PBXBuildFile; fileRef = 4E585A8025DC590E002C267C /* CoverImageView.swift */; };
		4E585A8625DC5C4B002C267C /* CoverImageModel.swift in Sources */ = {isa = PBXBuildFile; fileRef = 4E585A8525DC5C4B002C267C /* CoverImageModel.swift */; };
		4E585A8A25DC5D72002C267C /* CodableBundleExtentsion.swift in Sources */ = {isa = PBXBuildFile; fileRef = 4E585A8925DC5D72002C267C /* CodableBundleExtentsion.swift */; };
		4E585A8E25DC619C002C267C /* AnimalListItemView.swift in Sources */ = {isa = PBXBuildFile; fileRef = 4E585A8D25DC619C002C267C /* AnimalListItemView.swift */; };
		4E585A9125DC639F002C267C /* AnimalModel.swift in Sources */ = {isa = PBXBuildFile; fileRef = 4E585A9025DC639F002C267C /* AnimalModel.swift */; };
		4E585A9425DC716C002C267C /* AnimalDetailView.swift in Sources */ = {isa = PBXBuildFile; fileRef = 4E585A9325DC716C002C267C /* AnimalDetailView.swift */; };
		4E585A9725DC75D7002C267C /* HeadingView.swift in Sources */ = {isa = PBXBuildFile; fileRef = 4E585A9625DC75D7002C267C /* HeadingView.swift */; };
		4E585A9A25DC8309002C267C /* InsetGalleryView.swift in Sources */ = {isa = PBXBuildFile; fileRef = 4E585A9925DC8309002C267C /* InsetGalleryView.swift */; };
/* End PBXBuildFile section */

/* Begin PBXContainerItemProxy section */
		4E1C74A125E465E200992BD1 /* PBXContainerItemProxy */ = {
			isa = PBXContainerItemProxy;
			containerPortal = 4E585A3525DC3D68002C267C /* Project object */;
			proxyType = 1;
			remoteGlobalIDString = 4E1C749B25E465E100992BD1;
			remoteInfo = Stickers;
		};
/* End PBXContainerItemProxy section */

/* Begin PBXCopyFilesBuildPhase section */
		4E1C74A425E465E200992BD1 /* Embed App Extensions */ = {
			isa = PBXCopyFilesBuildPhase;
			buildActionMask = 2147483647;
			dstPath = "";
			dstSubfolderSpec = 13;
			files = (
				4E1C74A325E465E200992BD1 /* Stickers.appex in Embed App Extensions */,
			);
			name = "Embed App Extensions";
			runOnlyForDeploymentPostprocessing = 0;
		};
/* End PBXCopyFilesBuildPhase section */

/* Begin PBXFileReference section */
		4E01F93425E437FA00A96E48 /* MotionAnimationView.swift */ = {isa = PBXFileReference; lastKnownFileType = sourcecode.swift; path = MotionAnimationView.swift; sourceTree = "<group>"; };
		4E01F93725E44D2200A96E48 /* AnimalGridItemView.swift */ = {isa = PBXFileReference; lastKnownFileType = sourcecode.swift; path = AnimalGridItemView.swift; sourceTree = "<group>"; };
		4E1C749C25E465E100992BD1 /* Stickers.appex */ = {isa = PBXFileReference; explicitFileType = "wrapper.app-extension"; includeInIndex = 0; path = Stickers.appex; sourceTree = BUILT_PRODUCTS_DIR; };
		4E1C749E25E465E200992BD1 /* Stickers.xcassets */ = {isa = PBXFileReference; lastKnownFileType = folder.assetcatalog; path = Stickers.xcassets; sourceTree = "<group>"; };
		4E1C74A025E465E200992BD1 /* Info.plist */ = {isa = PBXFileReference; lastKnownFileType = text.plist.xml; path = Info.plist; sourceTree = "<group>"; };
		4E1C74AC25E4681E00992BD1 /* CreditsView.swift */ = {isa = PBXFileReference; lastKnownFileType = sourcecode.swift; path = CreditsView.swift; sourceTree = "<group>"; };
		4E1C74B125E469FB00992BD1 /* CenterModifier.swift */ = {isa = PBXFileReference; lastKnownFileType = sourcecode.swift; path = CenterModifier.swift; sourceTree = "<group>"; };
		4E1C74B525E46C1400992BD1 /* Africa.entitlements */ = {isa = PBXFileReference; lastKnownFileType = text.plist.entitlements; path = Africa.entitlements; sourceTree = "<group>"; };
		4E3520F925DEE1AD00D4F030 /* InsetFactView.swift */ = {isa = PBXFileReference; lastKnownFileType = sourcecode.swift; path = InsetFactView.swift; sourceTree = "<group>"; };
		4E3520FC25DEE52600D4F030 /* InsetMapView.swift */ = {isa = PBXFileReference; lastKnownFileType = sourcecode.swift; path = InsetMapView.swift; sourceTree = "<group>"; };
		4E3520FF25DEECA500D4F030 /* ExternalWeblinkView.swift */ = {isa = PBXFileReference; lastKnownFileType = sourcecode.swift; path = ExternalWeblinkView.swift; sourceTree = "<group>"; };
		4E35210225DEFBE700D4F030 /* VideoModel.swift */ = {isa = PBXFileReference; lastKnownFileType = sourcecode.swift; path = VideoModel.swift; sourceTree = "<group>"; };
		4E35210525DEFCC500D4F030 /* VideoListItemView.swift */ = {isa = PBXFileReference; lastKnownFileType = sourcecode.swift; path = VideoListItemView.swift; sourceTree = "<group>"; };
		4E35210B25DF18CD00D4F030 /* VideoPlayerView.swift */ = {isa = PBXFileReference; lastKnownFileType = sourcecode.swift; path = VideoPlayerView.swift; sourceTree = "<group>"; };
		4E35210F25DF1BDF00D4F030 /* VideoPlayerHelper.swift */ = {isa = PBXFileReference; lastKnownFileType = sourcecode.swift; path = VideoPlayerHelper.swift; sourceTree = "<group>"; };
		4E35211225DF41AF00D4F030 /* LocationModel.swift */ = {isa = PBXFileReference; lastKnownFileType = sourcecode.swift; path = LocationModel.swift; sourceTree = "<group>"; };
		4E35211725DF48D400D4F030 /* MapAnnotationView.swift */ = {isa = PBXFileReference; lastKnownFileType = sourcecode.swift; path = MapAnnotationView.swift; sourceTree = "<group>"; };
		4E585A3D25DC3D68002C267C /* Africa.app */ = {isa = PBXFileReference; explicitFileType = wrapper.application; includeInIndex = 0; path = Africa.app; sourceTree = BUILT_PRODUCTS_DIR; };
		4E585A4025DC3D68002C267C /* AfricaApp.swift */ = {isa = PBXFileReference; lastKnownFileType = sourcecode.swift; path = AfricaApp.swift; sourceTree = "<group>"; };
		4E585A4225DC3D68002C267C /* ContentView.swift */ = {isa = PBXFileReference; lastKnownFileType = sourcecode.swift; path = ContentView.swift; sourceTree = "<group>"; };
		4E585A4425DC3D69002C267C /* Assets.xcassets */ = {isa = PBXFileReference; lastKnownFileType = folder.assetcatalog; path = Assets.xcassets; sourceTree = "<group>"; };
		4E585A4725DC3D69002C267C /* Preview Assets.xcassets */ = {isa = PBXFileReference; lastKnownFileType = folder.assetcatalog; path = "Preview Assets.xcassets"; sourceTree = "<group>"; };
		4E585A4925DC3D69002C267C /* Info.plist */ = {isa = PBXFileReference; lastKnownFileType = text.plist.xml; path = Info.plist; sourceTree = "<group>"; };
		4E585A5125DC442E002C267C /* cheetah.mp4 */ = {isa = PBXFileReference; lastKnownFileType = file; path = cheetah.mp4; sourceTree = "<group>"; };
		4E585A5225DC442E002C267C /* giraffe.mp4 */ = {isa = PBXFileReference; lastKnownFileType = file; path = giraffe.mp4; sourceTree = "<group>"; };
		4E585A5325DC442F002C267C /* zebra.mp4 */ = {isa = PBXFileReference; lastKnownFileType = file; path = zebra.mp4; sourceTree = "<group>"; };
		4E585A5425DC442F002C267C /* elephant.mp4 */ = {isa = PBXFileReference; lastKnownFileType = file; path = elephant.mp4; sourceTree = "<group>"; };
		4E585A5525DC442F002C267C /* lion.mp4 */ = {isa = PBXFileReference; lastKnownFileType = file; path = lion.mp4; sourceTree = "<group>"; };
		4E585A5625DC442F002C267C /* lioness.mp4 */ = {isa = PBXFileReference; lastKnownFileType = file; path = lioness.mp4; sourceTree = "<group>"; };
		4E585A5725DC4430002C267C /* ostrich.mp4 */ = {isa = PBXFileReference; lastKnownFileType = file; path = ostrich.mp4; sourceTree = "<group>"; };
		4E585A5825DC4431002C267C /* gorilla.mp4 */ = {isa = PBXFileReference; lastKnownFileType = file; path = gorilla.mp4; sourceTree = "<group>"; };
		4E585A5925DC4431002C267C /* hippo.mp4 */ = {isa = PBXFileReference; lastKnownFileType = file; path = hippo.mp4; sourceTree = "<group>"; };
		4E585A5A25DC4432002C267C /* rhino.mp4 */ = {isa = PBXFileReference; lastKnownFileType = file; path = rhino.mp4; sourceTree = "<group>"; };
		4E585A6725DC4477002C267C /* locations.json */ = {isa = PBXFileReference; fileEncoding = 4; lastKnownFileType = text.json; path = locations.json; sourceTree = "<group>"; };
		4E585A6825DC4478002C267C /* videos.json */ = {isa = PBXFileReference; fileEncoding = 4; lastKnownFileType = text.json; path = videos.json; sourceTree = "<group>"; };
		4E585A6925DC4478002C267C /* covers.json */ = {isa = PBXFileReference; fileEncoding = 4; lastKnownFileType = text.json; path = covers.json; sourceTree = "<group>"; };
		4E585A6A25DC4478002C267C /* animals.json */ = {isa = PBXFileReference; fileEncoding = 4; lastKnownFileType = text.json; path = animals.json; sourceTree = "<group>"; };
		4E585A7325DC4748002C267C /* VideoListView.swift */ = {isa = PBXFileReference; lastKnownFileType = sourcecode.swift; path = VideoListView.swift; sourceTree = "<group>"; };
		4E585A7625DC4757002C267C /* MapView.swift */ = {isa = PBXFileReference; lastKnownFileType = sourcecode.swift; path = MapView.swift; sourceTree = "<group>"; };
		4E585A7925DC4767002C267C /* GalleryView.swift */ = {isa = PBXFileReference; lastKnownFileType = sourcecode.swift; path = GalleryView.swift; sourceTree = "<group>"; };
		4E585A7C25DC4773002C267C /* MainView.swift */ = {isa = PBXFileReference; lastKnownFileType = sourcecode.swift; path = MainView.swift; sourceTree = "<group>"; };
		4E585A8025DC590E002C267C /* CoverImageView.swift */ = {isa = PBXFileReference; lastKnownFileType = sourcecode.swift; path = CoverImageView.swift; sourceTree = "<group>"; };
		4E585A8525DC5C4B002C267C /* CoverImageModel.swift */ = {isa = PBXFileReference; lastKnownFileType = sourcecode.swift; path = CoverImageModel.swift; sourceTree = "<group>"; };
		4E585A8925DC5D72002C267C /* CodableBundleExtentsion.swift */ = {isa = PBXFileReference; lastKnownFileType = sourcecode.swift; path = CodableBundleExtentsion.swift; sourceTree = "<group>"; };
		4E585A8D25DC619C002C267C /* AnimalListItemView.swift */ = {isa = PBXFileReference; lastKnownFileType = sourcecode.swift; path = AnimalListItemView.swift; sourceTree = "<group>"; };
		4E585A9025DC639F002C267C /* AnimalModel.swift */ = {isa = PBXFileReference; lastKnownFileType = sourcecode.swift; path = AnimalModel.swift; sourceTree = "<group>"; };
		4E585A9325DC716C002C267C /* AnimalDetailView.swift */ = {isa = PBXFileReference; lastKnownFileType = sourcecode.swift; path = AnimalDetailView.swift; sourceTree = "<group>"; };
		4E585A9625DC75D7002C267C /* HeadingView.swift */ = {isa = PBXFileReference; lastKnownFileType = sourcecode.swift; path = HeadingView.swift; sourceTree = "<group>"; };
		4E585A9925DC8309002C267C /* InsetGalleryView.swift */ = {isa = PBXFileReference; lastKnownFileType = sourcecode.swift; path = InsetGalleryView.swift; sourceTree = "<group>"; };
/* End PBXFileReference section */

/* Begin PBXFrameworksBuildPhase section */
		4E585A3A25DC3D68002C267C /* Frameworks */ = {
			isa = PBXFrameworksBuildPhase;
			buildActionMask = 2147483647;
			files = (
			);
			runOnlyForDeploymentPostprocessing = 0;
		};
/* End PBXFrameworksBuildPhase section */

/* Begin PBXGroup section */
		4E1C749D25E465E100992BD1 /* Stickers */ = {
			isa = PBXGroup;
			children = (
				4E1C749E25E465E200992BD1 /* Stickers.xcassets */,
				4E1C74A025E465E200992BD1 /* Info.plist */,
			);
			path = Stickers;
			sourceTree = "<group>";
		};
		4E1C74B025E469EE00992BD1 /* Modifier */ = {
			isa = PBXGroup;
			children = (
				4E1C74B125E469FB00992BD1 /* CenterModifier.swift */,
			);
			path = Modifier;
			sourceTree = "<group>";
		};
		4E35210E25DF1BC800D4F030 /* Helper */ = {
			isa = PBXGroup;
			children = (
				4E35210F25DF1BDF00D4F030 /* VideoPlayerHelper.swift */,
			);
			path = Helper;
			sourceTree = "<group>";
		};
		4E585A3425DC3D68002C267C = {
			isa = PBXGroup;
			children = (
				4E585A3F25DC3D68002C267C /* Africa */,
				4E1C749D25E465E100992BD1 /* Stickers */,
				4E585A3E25DC3D68002C267C /* Products */,
			);
			sourceTree = "<group>";
		};
		4E585A3E25DC3D68002C267C /* Products */ = {
			isa = PBXGroup;
			children = (
				4E585A3D25DC3D68002C267C /* Africa.app */,
				4E1C749C25E465E100992BD1 /* Stickers.appex */,
			);
			name = Products;
			sourceTree = "<group>";
		};
		4E585A3F25DC3D68002C267C /* Africa */ = {
			isa = PBXGroup;
			children = (
				4E1C74B525E46C1400992BD1 /* Africa.entitlements */,
				4E1C74B025E469EE00992BD1 /* Modifier */,
				4E585A7125DC464D002C267C /* App */,
				4E585A8425DC5C37002C267C /* Model */,
				4E585A7F25DC58FC002C267C /* View */,
				4E585A6625DC4455002C267C /* Data */,
				4E585A5025DC4408002C267C /* Video */,
				4E585A8825DC5D5D002C267C /* Extension */,
				4E35210E25DF1BC800D4F030 /* Helper */,
				4E585A4425DC3D69002C267C /* Assets.xcassets */,
				4E585A4925DC3D69002C267C /* Info.plist */,
				4E585A4625DC3D69002C267C /* Preview Content */,
			);
			path = Africa;
			sourceTree = "<group>";
		};
		4E585A4625DC3D69002C267C /* Preview Content */ = {
			isa = PBXGroup;
			children = (
				4E585A4725DC3D69002C267C /* Preview Assets.xcassets */,
			);
			path = "Preview Content";
			sourceTree = "<group>";
		};
		4E585A5025DC4408002C267C /* Video */ = {
			isa = PBXGroup;
			children = (
				4E585A5125DC442E002C267C /* cheetah.mp4 */,
				4E585A5425DC442F002C267C /* elephant.mp4 */,
				4E585A5225DC442E002C267C /* giraffe.mp4 */,
				4E585A5825DC4431002C267C /* gorilla.mp4 */,
				4E585A5925DC4431002C267C /* hippo.mp4 */,
				4E585A5525DC442F002C267C /* lion.mp4 */,
				4E585A5625DC442F002C267C /* lioness.mp4 */,
				4E585A5725DC4430002C267C /* ostrich.mp4 */,
				4E585A5A25DC4432002C267C /* rhino.mp4 */,
				4E585A5325DC442F002C267C /* zebra.mp4 */,
			);
			path = Video;
			sourceTree = "<group>";
		};
		4E585A6625DC4455002C267C /* Data */ = {
			isa = PBXGroup;
			children = (
				4E585A6A25DC4478002C267C /* animals.json */,
				4E585A6925DC4478002C267C /* covers.json */,
				4E585A6725DC4477002C267C /* locations.json */,
				4E585A6825DC4478002C267C /* videos.json */,
			);
			path = Data;
			sourceTree = "<group>";
		};
		4E585A7125DC464D002C267C /* App */ = {
			isa = PBXGroup;
			children = (
				4E585A4025DC3D68002C267C /* AfricaApp.swift */,
				4E585A4225DC3D68002C267C /* ContentView.swift */,
				4E585A7325DC4748002C267C /* VideoListView.swift */,
				4E585A7625DC4757002C267C /* MapView.swift */,
				4E585A7925DC4767002C267C /* GalleryView.swift */,
				4E585A7C25DC4773002C267C /* MainView.swift */,
			);
			path = App;
			sourceTree = "<group>";
		};
		4E585A7F25DC58FC002C267C /* View */ = {
			isa = PBXGroup;
			children = (
				4E585A8025DC590E002C267C /* CoverImageView.swift */,
				4E585A8D25DC619C002C267C /* AnimalListItemView.swift */,
				4E585A9325DC716C002C267C /* AnimalDetailView.swift */,
				4E585A9625DC75D7002C267C /* HeadingView.swift */,
				4E585A9925DC8309002C267C /* InsetGalleryView.swift */,
				4E3520F925DEE1AD00D4F030 /* InsetFactView.swift */,
				4E3520FC25DEE52600D4F030 /* InsetMapView.swift */,
				4E3520FF25DEECA500D4F030 /* ExternalWeblinkView.swift */,
				4E35210525DEFCC500D4F030 /* VideoListItemView.swift */,
				4E35210B25DF18CD00D4F030 /* VideoPlayerView.swift */,
				4E35211725DF48D400D4F030 /* MapAnnotationView.swift */,
				4E01F93425E437FA00A96E48 /* MotionAnimationView.swift */,
				4E01F93725E44D2200A96E48 /* AnimalGridItemView.swift */,
				4E1C74AC25E4681E00992BD1 /* CreditsView.swift */,
			);
			path = View;
			sourceTree = "<group>";
		};
		4E585A8425DC5C37002C267C /* Model */ = {
			isa = PBXGroup;
			children = (
				4E585A8525DC5C4B002C267C /* CoverImageModel.swift */,
				4E585A9025DC639F002C267C /* AnimalModel.swift */,
				4E35210225DEFBE700D4F030 /* VideoModel.swift */,
				4E35211225DF41AF00D4F030 /* LocationModel.swift */,
			);
			path = Model;
			sourceTree = "<group>";
		};
		4E585A8825DC5D5D002C267C /* Extension */ = {
			isa = PBXGroup;
			children = (
				4E585A8925DC5D72002C267C /* CodableBundleExtentsion.swift */,
			);
			path = Extension;
			sourceTree = "<group>";
		};
/* End PBXGroup section */

/* Begin PBXNativeTarget section */
		4E1C749B25E465E100992BD1 /* Stickers */ = {
			isa = PBXNativeTarget;
			buildConfigurationList = 4E1C74A725E465E200992BD1 /* Build configuration list for PBXNativeTarget "Stickers" */;
			buildPhases = (
				4E1C749A25E465E100992BD1 /* Resources */,
			);
			buildRules = (
			);
			dependencies = (
			);
			name = Stickers;
			productName = Stickers;
			productReference = 4E1C749C25E465E100992BD1 /* Stickers.appex */;
			productType = "com.apple.product-type.app-extension.messages-sticker-pack";
		};
		4E585A3C25DC3D68002C267C /* Africa */ = {
			isa = PBXNativeTarget;
			buildConfigurationList = 4E585A4C25DC3D69002C267C /* Build configuration list for PBXNativeTarget "Africa" */;
			buildPhases = (
				4E585A3925DC3D68002C267C /* Sources */,
				4E585A3A25DC3D68002C267C /* Frameworks */,
				4E585A3B25DC3D68002C267C /* Resources */,
				4E1C74A425E465E200992BD1 /* Embed App Extensions */,
			);
			buildRules = (
			);
			dependencies = (
				4E1C74A225E465E200992BD1 /* PBXTargetDependency */,
			);
			name = Africa;
			productName = Africa;
			productReference = 4E585A3D25DC3D68002C267C /* Africa.app */;
			productType = "com.apple.product-type.application";
		};
/* End PBXNativeTarget section */

/* Begin PBXProject section */
		4E585A3525DC3D68002C267C /* Project object */ = {
			isa = PBXProject;
			attributes = {
				LastSwiftUpdateCheck = 1220;
				LastUpgradeCheck = 1220;
				TargetAttributes = {
					4E1C749B25E465E100992BD1 = {
						CreatedOnToolsVersion = 12.2;
					};
					4E585A3C25DC3D68002C267C = {
						CreatedOnToolsVersion = 12.2;
					};
				};
			};
			buildConfigurationList = 4E585A3825DC3D68002C267C /* Build configuration list for PBXProject "Africa" */;
			compatibilityVersion = "Xcode 9.3";
			developmentRegion = en;
			hasScannedForEncodings = 0;
			knownRegions = (
				en,
				Base,
			);
			mainGroup = 4E585A3425DC3D68002C267C;
			productRefGroup = 4E585A3E25DC3D68002C267C /* Products */;
			projectDirPath = "";
			projectRoot = "";
			targets = (
				4E585A3C25DC3D68002C267C /* Africa */,
				4E1C749B25E465E100992BD1 /* Stickers */,
			);
		};
/* End PBXProject section */

/* Begin PBXResourcesBuildPhase section */
		4E1C749A25E465E100992BD1 /* Resources */ = {
			isa = PBXResourcesBuildPhase;
			buildActionMask = 2147483647;
			files = (
				4E1C749F25E465E200992BD1 /* Stickers.xcassets in Resources */,
			);
			runOnlyForDeploymentPostprocessing = 0;
		};
		4E585A3B25DC3D68002C267C /* Resources */ = {
			isa = PBXResourcesBuildPhase;
			buildActionMask = 2147483647;
			files = (
				4E585A6B25DC4478002C267C /* locations.json in Resources */,
				4E585A6425DC4432002C267C /* rhino.mp4 in Resources */,
				4E585A4825DC3D69002C267C /* Preview Assets.xcassets in Resources */,
				4E585A6C25DC4478002C267C /* videos.json in Resources */,
				4E585A6325DC4432002C267C /* hippo.mp4 in Resources */,
				4E585A5D25DC4432002C267C /* zebra.mp4 in Resources */,
				4E585A6225DC4432002C267C /* gorilla.mp4 in Resources */,
				4E585A5F25DC4432002C267C /* lion.mp4 in Resources */,
				4E585A6125DC4432002C267C /* ostrich.mp4 in Resources */,
				4E585A6E25DC4478002C267C /* animals.json in Resources */,
				4E585A5E25DC4432002C267C /* elephant.mp4 in Resources */,
				4E585A6D25DC4478002C267C /* covers.json in Resources */,
				4E585A4525DC3D69002C267C /* Assets.xcassets in Resources */,
				4E585A5C25DC4432002C267C /* giraffe.mp4 in Resources */,
				4E585A5B25DC4432002C267C /* cheetah.mp4 in Resources */,
				4E585A6025DC4432002C267C /* lioness.mp4 in Resources */,
			);
			runOnlyForDeploymentPostprocessing = 0;
		};
/* End PBXResourcesBuildPhase section */

/* Begin PBXSourcesBuildPhase section */
		4E585A3925DC3D68002C267C /* Sources */ = {
			isa = PBXSourcesBuildPhase;
			buildActionMask = 2147483647;
			files = (
				4E35210025DEECA500D4F030 /* ExternalWeblinkView.swift in Sources */,
				4E585A4325DC3D68002C267C /* ContentView.swift in Sources */,
				4E585A8E25DC619C002C267C /* AnimalListItemView.swift in Sources */,
				4E585A7D25DC4773002C267C /* MainView.swift in Sources */,
				4E3520FA25DEE1AD00D4F030 /* InsetFactView.swift in Sources */,
				4E585A8A25DC5D72002C267C /* CodableBundleExtentsion.swift in Sources */,
				4E585A8125DC590E002C267C /* CoverImageView.swift in Sources */,
				4E585A9425DC716C002C267C /* AnimalDetailView.swift in Sources */,
				4E585A9125DC639F002C267C /* AnimalModel.swift in Sources */,
				4E585A8625DC5C4B002C267C /* CoverImageModel.swift in Sources */,
				4E35211025DF1BDF00D4F030 /* VideoPlayerHelper.swift in Sources */,
				4E3520FD25DEE52600D4F030 /* InsetMapView.swift in Sources */,
				4E35211325DF41AF00D4F030 /* LocationModel.swift in Sources */,
				4E35211825DF48D400D4F030 /* MapAnnotationView.swift in Sources */,
				4E585A7725DC4758002C267C /* MapView.swift in Sources */,
				4E585A4125DC3D68002C267C /* AfricaApp.swift in Sources */,
				4E35210325DEFBE700D4F030 /* VideoModel.swift in Sources */,
				4E585A7425DC4748002C267C /* VideoListView.swift in Sources */,
				4E01F93825E44D2200A96E48 /* AnimalGridItemView.swift in Sources */,
				4E585A9A25DC8309002C267C /* InsetGalleryView.swift in Sources */,
				4E35210625DEFCC500D4F030 /* VideoListItemView.swift in Sources */,
				4E1C74AD25E4681E00992BD1 /* CreditsView.swift in Sources */,
				4E585A7A25DC4767002C267C /* GalleryView.swift in Sources */,
				4E01F93525E437FA00A96E48 /* MotionAnimationView.swift in Sources */,
				4E1C74B225E469FB00992BD1 /* CenterModifier.swift in Sources */,
				4E585A9725DC75D7002C267C /* HeadingView.swift in Sources */,
				4E35210C25DF18CD00D4F030 /* VideoPlayerView.swift in Sources */,
			);
			runOnlyForDeploymentPostprocessing = 0;
		};
/* End PBXSourcesBuildPhase section */

/* Begin PBXTargetDependency section */
		4E1C74A225E465E200992BD1 /* PBXTargetDependency */ = {
			isa = PBXTargetDependency;
			platformFilter = ios;
			target = 4E1C749B25E465E100992BD1 /* Stickers */;
			targetProxy = 4E1C74A125E465E200992BD1 /* PBXContainerItemProxy */;
		};
/* End PBXTargetDependency section */

/* Begin XCBuildConfiguration section */
		4E1C74A525E465E200992BD1 /* Debug */ = {
			isa = XCBuildConfiguration;
			buildSettings = {
				ASSETCATALOG_COMPILER_APPICON_NAME = "iMessage App Icon";
				CODE_SIGN_STYLE = Automatic;
				DEVELOPMENT_TEAM = 58XKH6936U;
				INFOPLIST_FILE = Stickers/Info.plist;
				IPHONEOS_DEPLOYMENT_TARGET = 10.0;
				PRODUCT_BUNDLE_IDENTIFIER = com.pompouscatstudios.Africa.Stickers;
				PRODUCT_NAME = "$(TARGET_NAME)";
				SKIP_INSTALL = YES;
				SUPPORTS_MACCATALYST = NO;
				TARGETED_DEVICE_FAMILY = "1,2";
			};
			name = Debug;
		};
		4E1C74A625E465E200992BD1 /* Release */ = {
			isa = XCBuildConfiguration;
			buildSettings = {
				ASSETCATALOG_COMPILER_APPICON_NAME = "iMessage App Icon";
				CODE_SIGN_STYLE = Automatic;
				DEVELOPMENT_TEAM = 58XKH6936U;
				INFOPLIST_FILE = Stickers/Info.plist;
				IPHONEOS_DEPLOYMENT_TARGET = 10.0;
				PRODUCT_BUNDLE_IDENTIFIER = com.pompouscatstudios.Africa.Stickers;
				PRODUCT_NAME = "$(TARGET_NAME)";
				SKIP_INSTALL = YES;
				SUPPORTS_MACCATALYST = NO;
				TARGETED_DEVICE_FAMILY = "1,2";
			};
			name = Release;
		};
		4E585A4A25DC3D69002C267C /* Debug */ = {
			isa = XCBuildConfiguration;
			buildSettings = {
				ALWAYS_SEARCH_USER_PATHS = NO;
				CLANG_ANALYZER_NONNULL = YES;
				CLANG_ANALYZER_NUMBER_OBJECT_CONVERSION = YES_AGGRESSIVE;
				CLANG_CXX_LANGUAGE_STANDARD = "gnu++14";
				CLANG_CXX_LIBRARY = "libc++";
				CLANG_ENABLE_MODULES = YES;
				CLANG_ENABLE_OBJC_ARC = YES;
				CLANG_ENABLE_OBJC_WEAK = YES;
				CLANG_WARN_BLOCK_CAPTURE_AUTORELEASING = YES;
				CLANG_WARN_BOOL_CONVERSION = YES;
				CLANG_WARN_COMMA = YES;
				CLANG_WARN_CONSTANT_CONVERSION = YES;
				CLANG_WARN_DEPRECATED_OBJC_IMPLEMENTATIONS = YES;
				CLANG_WARN_DIRECT_OBJC_ISA_USAGE = YES_ERROR;
				CLANG_WARN_DOCUMENTATION_COMMENTS = YES;
				CLANG_WARN_EMPTY_BODY = YES;
				CLANG_WARN_ENUM_CONVERSION = YES;
				CLANG_WARN_INFINITE_RECURSION = YES;
				CLANG_WARN_INT_CONVERSION = YES;
				CLANG_WARN_NON_LITERAL_NULL_CONVERSION = YES;
				CLANG_WARN_OBJC_IMPLICIT_RETAIN_SELF = YES;
				CLANG_WARN_OBJC_LITERAL_CONVERSION = YES;
				CLANG_WARN_OBJC_ROOT_CLASS = YES_ERROR;
				CLANG_WARN_QUOTED_INCLUDE_IN_FRAMEWORK_HEADER = YES;
				CLANG_WARN_RANGE_LOOP_ANALYSIS = YES;
				CLANG_WARN_STRICT_PROTOTYPES = YES;
				CLANG_WARN_SUSPICIOUS_MOVE = YES;
				CLANG_WARN_UNGUARDED_AVAILABILITY = YES_AGGRESSIVE;
				CLANG_WARN_UNREACHABLE_CODE = YES;
				CLANG_WARN__DUPLICATE_METHOD_MATCH = YES;
				COPY_PHASE_STRIP = NO;
				DEBUG_INFORMATION_FORMAT = dwarf;
				ENABLE_STRICT_OBJC_MSGSEND = YES;
				ENABLE_TESTABILITY = YES;
				GCC_C_LANGUAGE_STANDARD = gnu11;
				GCC_DYNAMIC_NO_PIC = NO;
				GCC_NO_COMMON_BLOCKS = YES;
				GCC_OPTIMIZATION_LEVEL = 0;
				GCC_PREPROCESSOR_DEFINITIONS = (
					"DEBUG=1",
					"$(inherited)",
				);
				GCC_WARN_64_TO_32_BIT_CONVERSION = YES;
				GCC_WARN_ABOUT_RETURN_TYPE = YES_ERROR;
				GCC_WARN_UNDECLARED_SELECTOR = YES;
				GCC_WARN_UNINITIALIZED_AUTOS = YES_AGGRESSIVE;
				GCC_WARN_UNUSED_FUNCTION = YES;
				GCC_WARN_UNUSED_VARIABLE = YES;
				IPHONEOS_DEPLOYMENT_TARGET = 14.2;
				MTL_ENABLE_DEBUG_INFO = INCLUDE_SOURCE;
				MTL_FAST_MATH = YES;
				ONLY_ACTIVE_ARCH = YES;
				SDKROOT = iphoneos;
				SWIFT_ACTIVE_COMPILATION_CONDITIONS = DEBUG;
				SWIFT_OPTIMIZATION_LEVEL = "-Onone";
			};
			name = Debug;
		};
		4E585A4B25DC3D69002C267C /* Release */ = {
			isa = XCBuildConfiguration;
			buildSettings = {
				ALWAYS_SEARCH_USER_PATHS = NO;
				CLANG_ANALYZER_NONNULL = YES;
				CLANG_ANALYZER_NUMBER_OBJECT_CONVERSION = YES_AGGRESSIVE;
				CLANG_CXX_LANGUAGE_STANDARD = "gnu++14";
				CLANG_CXX_LIBRARY = "libc++";
				CLANG_ENABLE_MODULES = YES;
				CLANG_ENABLE_OBJC_ARC = YES;
				CLANG_ENABLE_OBJC_WEAK = YES;
				CLANG_WARN_BLOCK_CAPTURE_AUTORELEASING = YES;
				CLANG_WARN_BOOL_CONVERSION = YES;
				CLANG_WARN_COMMA = YES;
				CLANG_WARN_CONSTANT_CONVERSION = YES;
				CLANG_WARN_DEPRECATED_OBJC_IMPLEMENTATIONS = YES;
				CLANG_WARN_DIRECT_OBJC_ISA_USAGE = YES_ERROR;
				CLANG_WARN_DOCUMENTATION_COMMENTS = YES;
				CLANG_WARN_EMPTY_BODY = YES;
				CLANG_WARN_ENUM_CONVERSION = YES;
				CLANG_WARN_INFINITE_RECURSION = YES;
				CLANG_WARN_INT_CONVERSION = YES;
				CLANG_WARN_NON_LITERAL_NULL_CONVERSION = YES;
				CLANG_WARN_OBJC_IMPLICIT_RETAIN_SELF = YES;
				CLANG_WARN_OBJC_LITERAL_CONVERSION = YES;
				CLANG_WARN_OBJC_ROOT_CLASS = YES_ERROR;
				CLANG_WARN_QUOTED_INCLUDE_IN_FRAMEWORK_HEADER = YES;
				CLANG_WARN_RANGE_LOOP_ANALYSIS = YES;
				CLANG_WARN_STRICT_PROTOTYPES = YES;
				CLANG_WARN_SUSPICIOUS_MOVE = YES;
				CLANG_WARN_UNGUARDED_AVAILABILITY = YES_AGGRESSIVE;
				CLANG_WARN_UNREACHABLE_CODE = YES;
				CLANG_WARN__DUPLICATE_METHOD_MATCH = YES;
				COPY_PHASE_STRIP = NO;
				DEBUG_INFORMATION_FORMAT = "dwarf-with-dsym";
				ENABLE_NS_ASSERTIONS = NO;
				ENABLE_STRICT_OBJC_MSGSEND = YES;
				GCC_C_LANGUAGE_STANDARD = gnu11;
				GCC_NO_COMMON_BLOCKS = YES;
				GCC_WARN_64_TO_32_BIT_CONVERSION = YES;
				GCC_WARN_ABOUT_RETURN_TYPE = YES_ERROR;
				GCC_WARN_UNDECLARED_SELECTOR = YES;
				GCC_WARN_UNINITIALIZED_AUTOS = YES_AGGRESSIVE;
				GCC_WARN_UNUSED_FUNCTION = YES;
				GCC_WARN_UNUSED_VARIABLE = YES;
				IPHONEOS_DEPLOYMENT_TARGET = 14.2;
				MTL_ENABLE_DEBUG_INFO = NO;
				MTL_FAST_MATH = YES;
				SDKROOT = iphoneos;
				SWIFT_COMPILATION_MODE = wholemodule;
				SWIFT_OPTIMIZATION_LEVEL = "-O";
				VALIDATE_PRODUCT = YES;
			};
			name = Release;
		};
		4E585A4D25DC3D69002C267C /* Debug */ = {
			isa = XCBuildConfiguration;
			buildSettings = {
				ASSETCATALOG_COMPILER_APPICON_NAME = AppIcon;
				ASSETCATALOG_COMPILER_GLOBAL_ACCENT_COLOR_NAME = AccentColor;
				CODE_SIGN_ENTITLEMENTS = Africa/Africa.entitlements;
				CODE_SIGN_STYLE = Automatic;
				DEVELOPMENT_ASSET_PATHS = "\"Africa/Preview Content\"";
				DEVELOPMENT_TEAM = 58XKH6936U;
				ENABLE_PREVIEWS = YES;
				INFOPLIST_FILE = Africa/Info.plist;
				IPHONEOS_DEPLOYMENT_TARGET = 14.0;
				LD_RUNPATH_SEARCH_PATHS = (
					"$(inherited)",
					"@executable_path/Frameworks",
				);
				PRODUCT_BUNDLE_IDENTIFIER = com.pompouscatstudios.Africa;
				PRODUCT_NAME = "$(TARGET_NAME)";
				SUPPORTS_MACCATALYST = YES;
				SWIFT_VERSION = 5.0;
				TARGETED_DEVICE_FAMILY = "1,2";
			};
			name = Debug;
		};
		4E585A4E25DC3D69002C267C /* Release */ = {
			isa = XCBuildConfiguration;
			buildSettings = {
				ASSETCATALOG_COMPILER_APPICON_NAME = AppIcon;
				ASSETCATALOG_COMPILER_GLOBAL_ACCENT_COLOR_NAME = AccentColor;
				CODE_SIGN_ENTITLEMENTS = Africa/Africa.entitlements;
				CODE_SIGN_STYLE = Automatic;
				DEVELOPMENT_ASSET_PATHS = "\"Africa/Preview Content\"";
				DEVELOPMENT_TEAM = 58XKH6936U;
				ENABLE_PREVIEWS = YES;
				INFOPLIST_FILE = Africa/Info.plist;
				IPHONEOS_DEPLOYMENT_TARGET = 14.0;
				LD_RUNPATH_SEARCH_PATHS = (
					"$(inherited)",
					"@executable_path/Frameworks",
				);
				PRODUCT_BUNDLE_IDENTIFIER = com.pompouscatstudios.Africa;
				PRODUCT_NAME = "$(TARGET_NAME)";
				SUPPORTS_MACCATALYST = YES;
				SWIFT_VERSION = 5.0;
				TARGETED_DEVICE_FAMILY = "1,2";
			};
			name = Release;
		};
/* End XCBuildConfiguration section */

/* Begin XCConfigurationList section */
		4E1C74A725E465E200992BD1 /* Build configuration list for PBXNativeTarget "Stickers" */ = {
			isa = XCConfigurationList;
			buildConfigurations = (
				4E1C74A525E465E200992BD1 /* Debug */,
				4E1C74A625E465E200992BD1 /* Release */,
			);
			defaultConfigurationIsVisible = 0;
			defaultConfigurationName = Release;
		};
		4E585A3825DC3D68002C267C /* Build configuration list for PBXProject "Africa" */ = {
			isa = XCConfigurationList;
			buildConfigurations = (
				4E585A4A25DC3D69002C267C /* Debug */,
				4E585A4B25DC3D69002C267C /* Release */,
			);
			defaultConfigurationIsVisible = 0;
			defaultConfigurationName = Release;
		};
		4E585A4C25DC3D69002C267C /* Build configuration list for PBXNativeTarget "Africa" */ = {
			isa = XCConfigurationList;
			buildConfigurations = (
				4E585A4D25DC3D69002C267C /* Debug */,
				4E585A4E25DC3D69002C267C /* Release */,
			);
			defaultConfigurationIsVisible = 0;
			defaultConfigurationName = Release;
		};
/* End XCConfigurationList section */
	};
	rootObject = 4E585A3525DC3D68002C267C /* Project object */;
}
